github.com/AmyangXYZ/sgo v0.0.0-20191109002125-3013a29f6f03 h1:AdCIO7O0cl1aoUEaGmmE5P+LS/Flg+RrzWM/5QiogaI=
github.com/AmyangXYZ/sgo v0.0.0-20191109002125-3013a29f6f03/go.mod h1:NSv6KkFcSwVF/kVenZneXA9jfT1CIClLMZgRDKQOc1U=
github.com/AmyangXYZ/sgo v0.0.0-20211108223708-fe91d7597ce5 h1:jvPfyv/Myr9wpb3Jo4mwgllktxy/gPMosvtVuk6GwwA=
github.com/AmyangXYZ/sgo v0.0.0-20211108223708-fe91d7597ce5/go.mod h1:G90ZwTJkHDt6zp4HTkKWGZD30MoU1Kl/2tkQFIO1kog=
